lockfileVersion: '9.0'

settings:
  autoInstallPeers: true
  excludeLinksFromLockfile: false

importers:

  .:
    dependencies:
      nodemailer:
        specifier: ^6.9.16
        version: 6.10.1
      undici:
        specifier: ^8.2.0
        version: 8.2.0
      yaml:
        specifier: ^2.6.0
        version: 2.8.4

packages:

  nodemailer@6.10.1:
    resolution: {integrity: sha512-Z+iLaBGVaSjbIzQ4pX6XV41HrooLsQ10ZWPUehGmuantvzWoDVBnmsdUcOIDM1t+yPor5pDhVlDESgOMEGxhHA==}
    engines: {node: '>=6.0.0'}

  undici@8.2.0:
    resolution: {integrity: sha512-Z+4Hx9GE26Lh9Upwfnc8C7SsrpBPGaM/Gm6kMFtiG7c+5IvQKlXi/t+9x9DrrCh29cww5TSP9YdVaBcnLDs5fQ==}
    engines: {node: '>=22.19.0'}

  yaml@2.8.4:
    resolution: {integrity: sha512-ml/JPOj9fOQK8RNnWojA67GbZ0ApXAUlN2UQclwv2eVgTgn7O9gg9o7paZWKMp4g0H3nTLtS9LVzhkpOFIKzog==}
    engines: {node: '>= 14.6'}
    hasBin: true

snapshots:

  nodemailer@6.10.1: {}

  undici@8.2.0: {}

  yaml@2.8.4: {}
